<?xml version="1.0" encoding="utf-8"?>
<Project ToolsVersion="4.0" xmlns="http://schemas.microsoft.com/developer/msbuild/2003">
  <ItemGroup>
    <Filter Include="Resource Files">
      <UniqueIdentifier>{67DA6AB6-F800-4c08-8B7A-83BB121AAD01}</UniqueIdentifier>
      <Extensions>rc;ico;cur;bmp;dlg;rc2;rct;bin;rgs;gif;jpg;jpeg;jpe;resx;tiff;tif;png;wav;mfcribbon-ms</Extensions>
    </Filter>
    <Filter Include="Resource Files\Shaders">
      <UniqueIdentifier>{3f66999e-7837-4ce8-bb36-3b54f8ec8f98}</UniqueIdentifier>
    </Filter>
    <Filter Include="Resource Files\OpenCL Kernels">
      <UniqueIdentifier>{7594ffa1-2b7f-4c36-8b45-c1045f358c4d}</UniqueIdentifier>
    </Filter>
    <Filter Include="AI">
      <UniqueIdentifier>{23175b16-7542-48ba-93c2-03337051de0a}</UniqueIdentifier>
    </Filter>
    <Filter Include="Audio">
      <UniqueIdentifier>{6ad89972-7725-4098-8a5e-27ff6819522f}</UniqueIdentifier>
    </Filter>
    <Filter Include="Editor">
      <UniqueIdentifier>{f46c4ecf-a1c2-4a06-aa5c-8109da39b327}</UniqueIdentifier>
    </Filter>
    <Filter Include="Engine">
      <UniqueIdentifier>{d951b6b8-e051-46c6-b291-9957de2726d7}</UniqueIdentifier>
    </Filter>
    <Filter Include="Lighting">
      <UniqueIdentifier>{6bd4f56a-3c5f-4312-81aa-9cda71d9eed3}</UniqueIdentifier>
    </Filter>
    <Filter Include="Parallel">
      <UniqueIdentifier>{2a39768c-765e-4df2-ac14-b3e3f3413936}</UniqueIdentifier>
    </Filter>
    <Filter Include="Rendering">
      <UniqueIdentifier>{fe141360-3dd1-49f1-aad0-397c37d16b59}</UniqueIdentifier>
    </Filter>
  </ItemGroup>
  <ItemGroup>
    <ClInclude Include="editorinterface.h">
      <Filter>Editor</Filter>
    </ClInclude>
    <ClInclude Include="aicontroller.h">
      <Filter>AI</Filter>
    </ClInclude>
    <ClInclude Include="aihivemind.h">
      <Filter>AI</Filter>
    </ClInclude>
    <ClInclude Include="camera.h">
      <Filter>Engine</Filter>
    </ClInclude>
    <ClInclude Include="clock.h">
      <Filter>Engine</Filter>
    </ClInclude>
    <ClInclude Include="consolewindow.h">
      <Filter>Engine</Filter>
    </ClInclude>
    <ClInclude Include="window.h">
      <Filter>Engine</Filter>
    </ClInclude>
    <ClInclude Include="animatedmodel.h">
      <Filter>Rendering</Filter>
    </ClInclude>
    <ClInclude Include="boundingbox.h">
      <Filter>Rendering</Filter>
    </ClInclude>
    <ClInclude Include="irenderer.h">
      <Filter>Rendering</Filter>
    </ClInclude>
    <ClInclude Include="model.h">
      <Filter>Rendering</Filter>
    </ClInclude>
    <ClInclude Include="opengldefinitions.h">
      <Filter>Rendering</Filter>
    </ClInclude>
    <ClInclude Include="openglrenderer.h">
      <Filter>Rendering</Filter>
    </ClInclude>
    <ClInclude Include="pointsprite.h">
      <Filter>Rendering</Filter>
    </ClInclude>
    <ClInclude Include="prefab.h">
      <Filter>Rendering</Filter>
    </ClInclude>
    <ClInclude Include="renderentity.h">
      <Filter>Rendering</Filter>
    </ClInclude>
    <ClInclude Include="rendertotexture.h">
      <Filter>Rendering</Filter>
    </ClInclude>
    <ClInclude Include="shader.h">
      <Filter>Rendering</Filter>
    </ClInclude>
    <ClInclude Include="vertex.h">
      <Filter>Rendering</Filter>
    </ClInclude>
    <ClInclude Include="directionallight.h">
      <Filter>Lighting</Filter>
    </ClInclude>
    <ClInclude Include="light.h">
      <Filter>Lighting</Filter>
    </ClInclude>
    <ClInclude Include="lightmanager.h">
      <Filter>Lighting</Filter>
    </ClInclude>
    <ClInclude Include="pointlight.h">
      <Filter>Lighting</Filter>
    </ClInclude>
    <ClInclude Include="spotlight.h">
      <Filter>Lighting</Filter>
    </ClInclude>
    <ClInclude Include="entitymanager.h">
      <Filter>Rendering</Filter>
    </ClInclude>
    <ClInclude Include="resourcemanager.h">
      <Filter>Rendering</Filter>
    </ClInclude>
    <ClInclude Include="threadpool.h">
      <Filter>Parallel</Filter>
    </ClInclude>
    <ClInclude Include="fontrenderer.h">
      <Filter>Rendering</Filter>
    </ClInclude>
    <ClInclude Include="grass.h">
      <Filter>Rendering</Filter>
    </ClInclude>
    <ClInclude Include="performancegraph.h">
      <Filter>Editor</Filter>
    </ClInclude>
    <ClInclude Include="audioplayer.h">
      <Filter>Audio</Filter>
    </ClInclude>
    <ClInclude Include="scenehierarchy.h">
      <Filter>Editor</Filter>
    </ClInclude>
    <ClInclude Include="network.h">
      <Filter>Parallel</Filter>
    </ClInclude>
    <ClInclude Include="datastructures.h">
      <Filter>Rendering</Filter>
    </ClInclude>
    <ClInclude Include="engine.h">
      <Filter>Engine</Filter>
    </ClInclude>
    <ClInclude Include="inputmanager.h">
      <Filter>Engine</Filter>
    </ClInclude>
    <ClInclude Include="defines.h" />
    <ClInclude Include="level.h" />
    <ClInclude Include="mathlibrary.h" />
    <ClInclude Include="dx11renderer.h">
      <Filter>Rendering</Filter>
    </ClInclude>
    <ClInclude Include="lodepng.h" />
  </ItemGroup>
  <ItemGroup>
    <ClCompile Include="aicontroller.cpp">
      <Filter>AI</Filter>
    </ClCompile>
    <ClCompile Include="aihivemind.cpp">
      <Filter>AI</Filter>
    </ClCompile>
    <ClCompile Include="audioplayer.cpp">
      <Filter>Audio</Filter>
    </ClCompile>
    <ClCompile Include="editorinterface.cpp">
      <Filter>Editor</Filter>
    </ClCompile>
    <ClCompile Include="performancegraph.cpp">
      <Filter>Editor</Filter>
    </ClCompile>
    <ClCompile Include="scenehierarchy.cpp">
      <Filter>Editor</Filter>
    </ClCompile>
    <ClCompile Include="camera.cpp">
      <Filter>Engine</Filter>
    </ClCompile>
    <ClCompile Include="clock.cpp">
      <Filter>Engine</Filter>
    </ClCompile>
    <ClCompile Include="consolewindow.cpp">
      <Filter>Engine</Filter>
    </ClCompile>
    <ClCompile Include="engine.cpp">
      <Filter>Engine</Filter>
    </ClCompile>
    <ClCompile Include="inputmanager.cpp">
      <Filter>Engine</Filter>
    </ClCompile>
    <ClCompile Include="window.cpp">
      <Filter>Engine</Filter>
    </ClCompile>
    <ClCompile Include="defines.cpp" />
    <ClCompile Include="level.cpp" />
    <ClCompile Include="main.cpp" />
    <ClCompile Include="mathlibrary.cpp" />
    <ClCompile Include="directionallight.cpp">
      <Filter>Lighting</Filter>
    </ClCompile>
    <ClCompile Include="light.cpp">
      <Filter>Lighting</Filter>
    </ClCompile>
    <ClCompile Include="lightmanager.cpp">
      <Filter>Lighting</Filter>
    </ClCompile>
    <ClCompile Include="pointlight.cpp">
      <Filter>Lighting</Filter>
    </ClCompile>
    <ClCompile Include="spotlight.cpp">
      <Filter>Lighting</Filter>
    </ClCompile>
    <ClCompile Include="network.cpp">
      <Filter>Parallel</Filter>
    </ClCompile>
    <ClCompile Include="threadpool.cpp">
      <Filter>Parallel</Filter>
    </ClCompile>
    <ClCompile Include="animatedmodel.cpp">
      <Filter>Rendering</Filter>
    </ClCompile>
    <ClCompile Include="boundingbox.cpp">
      <Filter>Rendering</Filter>
    </ClCompile>
    <ClCompile Include="entitymanager.cpp">
      <Filter>Rendering</Filter>
    </ClCompile>
    <ClCompile Include="fontrenderer.cpp">
      <Filter>Rendering</Filter>
    </ClCompile>
    <ClCompile Include="grass.cpp">
      <Filter>Rendering</Filter>
    </ClCompile>
    <ClCompile Include="model.cpp">
      <Filter>Rendering</Filter>
    </ClCompile>
    <ClCompile Include="openglrenderer.cpp">
      <Filter>Rendering</Filter>
    </ClCompile>
    <ClCompile Include="pointsprite.cpp">
      <Filter>Rendering</Filter>
    </ClCompile>
    <ClCompile Include="prefab.cpp">
      <Filter>Rendering</Filter>
    </ClCompile>
    <ClCompile Include="renderentity.cpp">
      <Filter>Rendering</Filter>
    </ClCompile>
    <ClCompile Include="rendertotexture.cpp">
      <Filter>Rendering</Filter>
    </ClCompile>
    <ClCompile Include="resourcemanager.cpp">
      <Filter>Rendering</Filter>
    </ClCompile>
    <ClCompile Include="shader.cpp">
      <Filter>Rendering</Filter>
    </ClCompile>
    <ClCompile Include="dx11renderer.cpp">
      <Filter>Rendering</Filter>
    </ClCompile>
    <ClCompile Include="lodepng.cpp" />
  </ItemGroup>
  <ItemGroup>
    <FxCompile Include="..\Bin\Assets\Shaders\animatedobject_vs.hlsl">
      <Filter>Resource Files\Shaders</Filter>
    </FxCompile>
    <FxCompile Include="..\Bin\Assets\Shaders\deferred_ps.hlsl">
      <Filter>Resource Files\Shaders</Filter>
    </FxCompile>
    <FxCompile Include="..\Bin\Assets\Shaders\fontshader_gs.hlsl">
      <Filter>Resource Files\Shaders</Filter>
    </FxCompile>
    <FxCompile Include="..\Bin\Assets\Shaders\fontshader_ps.hlsl">
      <Filter>Resource Files\Shaders</Filter>
    </FxCompile>
    <FxCompile Include="..\Bin\Assets\Shaders\fontshader_vs.hlsl">
      <Filter>Resource Files\Shaders</Filter>
    </FxCompile>
    <FxCompile Include="..\Bin\Assets\Shaders\grassshader_gs.hlsl">
      <Filter>Resource Files\Shaders</Filter>
    </FxCompile>
    <FxCompile Include="..\Bin\Assets\Shaders\grassshader_ps.hlsl">
      <Filter>Resource Files\Shaders</Filter>
    </FxCompile>
    <FxCompile Include="..\Bin\Assets\Shaders\grassshader_vs.hlsl">
      <Filter>Resource Files\Shaders</Filter>
    </FxCompile>
    <FxCompile Include="..\Bin\Assets\Shaders\linerenderer_gs.hlsl">
      <Filter>Resource Files\Shaders</Filter>
    </FxCompile>
    <FxCompile Include="..\Bin\Assets\Shaders\linerenderer_ps.hlsl">
      <Filter>Resource Files\Shaders</Filter>
    </FxCompile>
    <FxCompile Include="..\Bin\Assets\Shaders\linerenderer_vs.hlsl">
      <Filter>Resource Files\Shaders</Filter>
    </FxCompile>
    <FxCompile Include="..\Bin\Assets\Shaders\mrtshader_ps.hlsl">
      <Filter>Resource Files\Shaders</Filter>
    </FxCompile>
    <FxCompile Include="..\Bin\Assets\Shaders\objectshader_ps.hlsl">
      <Filter>Resource Files\Shaders</Filter>
    </FxCompile>
    <FxCompile Include="..\Bin\Assets\Shaders\objectshader_vs.hlsl">
      <Filter>Resource Files\Shaders</Filter>
    </FxCompile>
    <FxCompile Include="..\Bin\Assets\Shaders\pointsprite_gs.hlsl">
      <Filter>Resource Files\Shaders</Filter>
    </FxCompile>
    <FxCompile Include="..\Bin\Assets\Shaders\pointsprite_ps.hlsl">
      <Filter>Resource Files\Shaders</Filter>
    </FxCompile>
    <FxCompile Include="..\Bin\Assets\Shaders\pointsprite_vs.hlsl">
      <Filter>Resource Files\Shaders</Filter>
    </FxCompile>
    <FxCompile Include="..\Bin\Assets\Shaders\postprocessing.hlsl">
      <Filter>Resource Files\Shaders</Filter>
    </FxCompile>
    <FxCompile Include="..\Bin\Assets\Shaders\shaderdefines.hlsl">
      <Filter>Resource Files\Shaders</Filter>
    </FxCompile>
  </ItemGroup>
  <ItemGroup>
    <None Include="..\Bin\Assets\OpenCLKernels\ai.cl">
      <Filter>Resource Files\OpenCL Kernels</Filter>
    </None>
    <None Include="..\Bin\Assets\OpenCLKernels\grass.cl">
      <Filter>Resource Files\OpenCL Kernels</Filter>
    </None>
    <None Include="..\Bin\Assets\OpenCLKernels\test.cl">
      <Filter>Resource Files\OpenCL Kernels</Filter>
    </None>
  </ItemGroup>
</Project>